
Microsoft Visual Studio Solution File, Format Version 12.00
# Visual Studio 15
VisualStudioVersion = 15.0.27703.2026
MinimumVisualStudioVersion = 10.0.40219.1
Project("{FAE04EC0-301F-11D3-BF4B-00C04F79EFBC}") = "CustomLinq", "CustomLinq\CustomLinq.csproj", "{4AA68595-C920-4C58-AFCB-86AF7F8C9BB3}"
EndProject
Project("{FAE04EC0-301F-11D3-BF4B-00C04F79EFBC}") = "TestExtensionMethods", "TestExtensionMethods\TestExtensionMethods.csproj", "{DC2858A5-7EDC-43C1-9963-CB287607E3A3}"
EndProject
Global
	GlobalSection(SolutionConfigurationPlatforms) = preSolution
		Debug|Any CPU = Debug|Any CPU
		Release|Any CPU = Release|Any CPU
	EndGlobalSection
	GlobalSection(ProjectConfigurationPlatforms) = postSolution
		{4AA68595-C920-4C58-AFCB-86AF7F8C9BB3}.Debug|Any CPU.ActiveCfg = Debug|Any CPU
		{4AA68595-C920-4C58-AFCB-86AF7F8C9BB3}.Debug|Any CPU.Build.0 = Debug|Any CPU
		{4AA68595-C920-4C58-AFCB-86AF7F8C9BB3}.Release|Any CPU.ActiveCfg = Release|Any CPU
		{4AA68595-C920-4C58-AFCB-86AF7F8C9BB3}.Release|Any CPU.Build.0 = Release|Any CPU
		{DC2858A5-7EDC-43C1-9963-CB287607E3A3}.Debug|Any CPU.ActiveCfg = Debug|Any CPU
		{DC2858A5-7EDC-43C1-9963-CB287607E3A3}.Debug|Any CPU.Build.0 = Debug|Any CPU
		{DC2858A5-7EDC-43C1-9963-CB287607E3A3}.Release|Any CPU.ActiveCfg = Release|Any CPU
		{DC2858A5-7EDC-43C1-9963-CB287607E3A3}.Release|Any CPU.Build.0 = Release|Any CPU
	EndGlobalSection
	GlobalSection(SolutionProperties) = preSolution
		HideSolutionNode = FALSE
	EndGlobalSection
	GlobalSection(ExtensibilityGlobals) = postSolution
		SolutionGuid = {5621A8BC-8FDF-47A8-97B9-0ED634C8E2B0}
	EndGlobalSection
EndGlobal
